
Microsoft Visual Studio Solution File, Format Version 12.00
# Visual Studio Version 17
VisualStudioVersion = 17.11.35327.3
MinimumVisualStudioVersion = 10.0.40219.1
Project("{9A19103F-16F7-4668-BE54-9A1E7A4F7556}") = "NotesApp", "NotesApp\NotesApp.csproj", "{92508F98-D941-43EF-93D2-90ABD4030275}"
EndProject
Project("{9A19103F-16F7-4668-BE54-9A1E7A4F7556}") = "DomainModel", "Domain\DomainModel.csproj", "{1F098FC2-D133-4421-B946-2B9118344F8E}"
EndProject
Project("{9A19103F-16F7-4668-BE54-9A1E7A4F7556}") = "Data", "Data\Data.csproj", "{D1E82153-73FA-47FE-BA7E-697D149841B3}"
EndProject
Global
	GlobalSection(SolutionConfigurationPlatforms) = preSolution
		Debug|Any CPU = Debug|Any CPU
		Release|Any CPU = Release|Any CPU
	EndGlobalSection
	GlobalSection(ProjectConfigurationPlatforms) = postSolution
		{92508F98-D941-43EF-93D2-90ABD4030275}.Debug|Any CPU.ActiveCfg = Debug|Any CPU
		{92508F98-D941-43EF-93D2-90ABD4030275}.Debug|Any CPU.Build.0 = Debug|Any CPU
		{92508F98-D941-43EF-93D2-90ABD4030275}.Release|Any CPU.ActiveCfg = Release|Any CPU
		{92508F98-D941-43EF-93D2-90ABD4030275}.Release|Any CPU.Build.0 = Release|Any CPU
		{1F098FC2-D133-4421-B946-2B9118344F8E}.Debug|Any CPU.ActiveCfg = Debug|Any CPU
		{1F098FC2-D133-4421-B946-2B9118344F8E}.Debug|Any CPU.Build.0 = Debug|Any CPU
		{1F098FC2-D133-4421-B946-2B9118344F8E}.Release|Any CPU.ActiveCfg = Release|Any CPU
		{1F098FC2-D133-4421-B946-2B9118344F8E}.Release|Any CPU.Build.0 = Release|Any CPU
		{D1E82153-73FA-47FE-BA7E-697D149841B3}.Debug|Any CPU.ActiveCfg = Debug|Any CPU
		{D1E82153-73FA-47FE-BA7E-697D149841B3}.Debug|Any CPU.Build.0 = Debug|Any CPU
		{D1E82153-73FA-47FE-BA7E-697D149841B3}.Release|Any CPU.ActiveCfg = Release|Any CPU
		{D1E82153-73FA-47FE-BA7E-697D149841B3}.Release|Any CPU.Build.0 = Release|Any CPU
	EndGlobalSection
	GlobalSection(SolutionProperties) = preSolution
		HideSolutionNode = FALSE
	EndGlobalSection
	GlobalSection(ExtensibilityGlobals) = postSolution
		SolutionGuid = {AD47486E-9CC3-41C1-8E4D-DFDAA48F4BA2}
	EndGlobalSection
EndGlobal
